
Microsoft Visual Studio Solution File, Format Version 12.00
# Visual Studio Version 16
VisualStudioVersion = 16.0.30523.141
MinimumVisualStudioVersion = 10.0.40219.1
Project("{FAE04EC0-301F-11D3-BF4B-00C04F79EFBC}") = "Hotel", "Hotel\Hotel.csproj", "{0ABD636B-4354-43EE-A24F-AB9964AF4A17}"
EndProject
Project("{FAE04EC0-301F-11D3-BF4B-00C04F79EFBC}") = "Lab2", "Lab2\Lab2.csproj", "{7FF958DE-66CA-4702-AB88-BA05CF546C1A}"
EndProject
Global
	GlobalSection(SolutionConfigurationPlatforms) = preSolution
		Debug|Any CPU = Debug|Any CPU
		Release|Any CPU = Release|Any CPU
	EndGlobalSection
	GlobalSection(ProjectConfigurationPlatforms) = postSolution
		{0ABD636B-4354-43EE-A24F-AB9964AF4A17}.Debug|Any CPU.ActiveCfg = Debug|Any CPU
		{0ABD636B-4354-43EE-A24F-AB9964AF4A17}.Debug|Any CPU.Build.0 = Debug|Any CPU
		{0ABD636B-4354-43EE-A24F-AB9964AF4A17}.Release|Any CPU.ActiveCfg = Release|Any CPU
		{0ABD636B-4354-43EE-A24F-AB9964AF4A17}.Release|Any CPU.Build.0 = Release|Any CPU
		{7FF958DE-66CA-4702-AB88-BA05CF546C1A}.Debug|Any CPU.ActiveCfg = Debug|Any CPU
		{7FF958DE-66CA-4702-AB88-BA05CF546C1A}.Debug|Any CPU.Build.0 = Debug|Any CPU
		{7FF958DE-66CA-4702-AB88-BA05CF546C1A}.Release|Any CPU.ActiveCfg = Release|Any CPU
		{7FF958DE-66CA-4702-AB88-BA05CF546C1A}.Release|Any CPU.Build.0 = Release|Any CPU
	EndGlobalSection
	GlobalSection(SolutionProperties) = preSolution
		HideSolutionNode = FALSE
	EndGlobalSection
	GlobalSection(ExtensibilityGlobals) = postSolution
		SolutionGuid = {402A4260-A850-49DC-9314-6B19C85AACB6}
	EndGlobalSection
EndGlobal
